
Microsoft Visual Studio Solution File, Format Version 12.00
# Visual Studio 15
VisualStudioVersion = 15.0.26730.12
MinimumVisualStudioVersion = 10.0.40219.1
Project("{FAE04EC0-301F-11D3-BF4B-00C04F79EFBC}") = "Pig Dice", "Pig Dice\Pig Dice.csproj", "{DE9D5803-F035-4AF1-8657-40A61D18DDFC}"
EndProject
Global
	GlobalSection(SolutionConfigurationPlatforms) = preSolution
		Debug|Any CPU = Debug|Any CPU
		Release|Any CPU = Release|Any CPU
	EndGlobalSection
	GlobalSection(ProjectConfigurationPlatforms) = postSolution
		{DE9D5803-F035-4AF1-8657-40A61D18DDFC}.Debug|Any CPU.ActiveCfg = Debug|Any CPU
		{DE9D5803-F035-4AF1-8657-40A61D18DDFC}.Debug|Any CPU.Build.0 = Debug|Any CPU
		{DE9D5803-F035-4AF1-8657-40A61D18DDFC}.Release|Any CPU.ActiveCfg = Release|Any CPU
		{DE9D5803-F035-4AF1-8657-40A61D18DDFC}.Release|Any CPU.Build.0 = Release|Any CPU
	EndGlobalSection
	GlobalSection(SolutionProperties) = preSolution
		HideSolutionNode = FALSE
	EndGlobalSection
	GlobalSection(ExtensibilityGlobals) = postSolution
		SolutionGuid = {AB68C4A5-154F-4E2D-8BF1-763723908CF3}
	EndGlobalSection
EndGlobal
